{
	"name": "app",
	"version": "1.0.0",
	"lockfileVersion": 1,
	"requires": true,
	"dependencies": {
		"awesome-phonenumber": {
			"version": "2.30.0",
			"resolved": "https://registry.npmjs.org/awesome-phonenumber/-/awesome-phonenumber-2.30.0.tgz",
			"integrity": "sha512-SwYTHSCLwd9K6wGe9S3mLnfbnEXK3MQL18JBXgiDDUAFMR4QFH0Vit1jpQ+j3Vfoxp7UqneqawezWL+tGEbcFg=="
		}
	}
}
